// !$*UTF8*$!
{
	archiveVersion = 1;
	classes = {
	};
	objectVersion = 56;
	objects = {

/* Begin PBXBuildFile section */
		6263F8A629755ECF002B5871 /* InfoSearchViewController.swift in Sources */ = {isa = PBXBuildFile; fileRef = 6263F8A529755ECF002B5871 /* InfoSearchViewController.swift */; };
		6263F8A829755EF1002B5871 /* InfoSearchTableViewCell.swift in Sources */ = {isa = PBXBuildFile; fileRef = 6263F8A729755EF1002B5871 /* InfoSearchTableViewCell.swift */; };
		6263F8AB29783AD4002B5871 /* InfoDetailViewController.swift in Sources */ = {isa = PBXBuildFile; fileRef = 6263F8AA29783AD4002B5871 /* InfoDetailViewController.swift */; };
		6274C3BB296ED78C00172941 /* InfoViewController.swift in Sources */ = {isa = PBXBuildFile; fileRef = 6274C3BA296ED78C00172941 /* InfoViewController.swift */; };
		62801545297A89A500732E21 /* PlantCollectionViewCell.swift in Sources */ = {isa = PBXBuildFile; fileRef = 62801544297A89A500732E21 /* PlantCollectionViewCell.swift */; };
		6280154C297AF88000732E21 /* InfoRecoTableViewCell.swift in Sources */ = {isa = PBXBuildFile; fileRef = 6280154B297AF88000732E21 /* InfoRecoTableViewCell.swift */; };
		6280154E297AF89C00732E21 /* InfoRecoViewController.swift in Sources */ = {isa = PBXBuildFile; fileRef = 6280154D297AF89C00732E21 /* InfoRecoViewController.swift */; };
		62A334B529746AEA007747E7 /* PlantTableViewCell.swift in Sources */ = {isa = PBXBuildFile; fileRef = 62A334B429746AEA007747E7 /* PlantTableViewCell.swift */; };
		F96C9C092979A29A008627FA /* AddPlaceCollectionViewCell.swift in Sources */ = {isa = PBXBuildFile; fileRef = F96C9C072979A29A008627FA /* AddPlaceCollectionViewCell.swift */; };
		F96C9C0A2979A29A008627FA /* AddPlaceCollectionViewCell.xib in Resources */ = {isa = PBXBuildFile; fileRef = F96C9C082979A29A008627FA /* AddPlaceCollectionViewCell.xib */; };
		F96C9C0D2979A2A9008627FA /* AddPlantCollectionViewCell.swift in Sources */ = {isa = PBXBuildFile; fileRef = F96C9C0B2979A2A9008627FA /* AddPlantCollectionViewCell.swift */; };
		F96C9C0E2979A2A9008627FA /* AddPlantCollectionViewCell.xib in Resources */ = {isa = PBXBuildFile; fileRef = F96C9C0C2979A2A9008627FA /* AddPlantCollectionViewCell.xib */; };
		F96C9C11297A6A80008627FA /* MyGardenModel.swift in Sources */ = {isa = PBXBuildFile; fileRef = F96C9C10297A6A80008627FA /* MyGardenModel.swift */; };
		F9C48C70296D7AD100C76863 /* AppDelegate.swift in Sources */ = {isa = PBXBuildFile; fileRef = F9C48C6F296D7AD100C76863 /* AppDelegate.swift */; };
		F9C48C72296D7AD100C76863 /* SceneDelegate.swift in Sources */ = {isa = PBXBuildFile; fileRef = F9C48C71296D7AD100C76863 /* SceneDelegate.swift */; };
		F9C48C77296D7AD100C76863 /* Main.storyboard in Resources */ = {isa = PBXBuildFile; fileRef = F9C48C75296D7AD100C76863 /* Main.storyboard */; };
		F9C48C79296D7AD200C76863 /* Assets.xcassets in Resources */ = {isa = PBXBuildFile; fileRef = F9C48C78296D7AD200C76863 /* Assets.xcassets */; };
		F9C48C7C296D7AD200C76863 /* LaunchScreen.storyboard in Resources */ = {isa = PBXBuildFile; fileRef = F9C48C7A296D7AD200C76863 /* LaunchScreen.storyboard */; };
		F9C48C872972782100C76863 /* MainViewController.swift in Sources */ = {isa = PBXBuildFile; fileRef = F9C48C862972782100C76863 /* MainViewController.swift */; };
/* End PBXBuildFile section */

/* Begin PBXFileReference section */
		6263F8A529755ECF002B5871 /* InfoSearchViewController.swift */ = {isa = PBXFileReference; lastKnownFileType = sourcecode.swift; path = InfoSearchViewController.swift; sourceTree = "<group>"; };
		6263F8A729755EF1002B5871 /* InfoSearchTableViewCell.swift */ = {isa = PBXFileReference; lastKnownFileType = sourcecode.swift; path = InfoSearchTableViewCell.swift; sourceTree = "<group>"; };
		6263F8AA29783AD4002B5871 /* InfoDetailViewController.swift */ = {isa = PBXFileReference; lastKnownFileType = sourcecode.swift; name = InfoDetailViewController.swift; path = CommonPlant_iOS/Information/InfoDetailViewController.swift; sourceTree = SOURCE_ROOT; };
		6274C3BA296ED78C00172941 /* InfoViewController.swift */ = {isa = PBXFileReference; lastKnownFileType = sourcecode.swift; name = InfoViewController.swift; path = CommonPlant_iOS/InfoViewController.swift; sourceTree = SOURCE_ROOT; };
		62801544297A89A500732E21 /* PlantCollectionViewCell.swift */ = {isa = PBXFileReference; lastKnownFileType = sourcecode.swift; name = PlantCollectionViewCell.swift; path = CommonPlant_iOS/PlantCollectionViewCell.swift; sourceTree = SOURCE_ROOT; };
		6280154B297AF88000732E21 /* InfoRecoTableViewCell.swift */ = {isa = PBXFileReference; lastKnownFileType = sourcecode.swift; path = InfoRecoTableViewCell.swift; sourceTree = "<group>"; };
		6280154D297AF89C00732E21 /* InfoRecoViewController.swift */ = {isa = PBXFileReference; lastKnownFileType = sourcecode.swift; path = InfoRecoViewController.swift; sourceTree = "<group>"; };
		62A334B429746AEA007747E7 /* PlantTableViewCell.swift */ = {isa = PBXFileReference; lastKnownFileType = sourcecode.swift; name = PlantTableViewCell.swift; path = CommonPlant_iOS/Info/PlantTableViewCell.swift; sourceTree = SOURCE_ROOT; };
		F96C9C072979A29A008627FA /* AddPlaceCollectionViewCell.swift */ = {isa = PBXFileReference; lastKnownFileType = sourcecode.swift; path = AddPlaceCollectionViewCell.swift; sourceTree = "<group>"; };
		F96C9C082979A29A008627FA /* AddPlaceCollectionViewCell.xib */ = {isa = PBXFileReference; lastKnownFileType = file.xib; path = AddPlaceCollectionViewCell.xib; sourceTree = "<group>"; };
		F96C9C0B2979A2A9008627FA /* AddPlantCollectionViewCell.swift */ = {isa = PBXFileReference; lastKnownFileType = sourcecode.swift; path = AddPlantCollectionViewCell.swift; sourceTree = "<group>"; };
		F96C9C0C2979A2A9008627FA /* AddPlantCollectionViewCell.xib */ = {isa = PBXFileReference; lastKnownFileType = file.xib; path = AddPlantCollectionViewCell.xib; sourceTree = "<group>"; };
		F96C9C10297A6A80008627FA /* MyGardenModel.swift */ = {isa = PBXFileReference; lastKnownFileType = sourcecode.swift; path = MyGardenModel.swift; sourceTree = "<group>"; };
		F9C48C6C296D7AD100C76863 /* CommonPlant_iOS.app */ = {isa = PBXFileReference; explicitFileType = wrapper.application; includeInIndex = 0; path = CommonPlant_iOS.app; sourceTree = BUILT_PRODUCTS_DIR; };
		F9C48C6F296D7AD100C76863 /* AppDelegate.swift */ = {isa = PBXFileReference; lastKnownFileType = sourcecode.swift; path = AppDelegate.swift; sourceTree = "<group>"; };
		F9C48C71296D7AD100C76863 /* SceneDelegate.swift */ = {isa = PBXFileReference; lastKnownFileType = sourcecode.swift; path = SceneDelegate.swift; sourceTree = "<group>"; };
		F9C48C76296D7AD100C76863 /* Base */ = {isa = PBXFileReference; lastKnownFileType = file.storyboard; name = Base; path = Base.lproj/Main.storyboard; sourceTree = "<group>"; };
		F9C48C78296D7AD200C76863 /* Assets.xcassets */ = {isa = PBXFileReference; lastKnownFileType = folder.assetcatalog; path = Assets.xcassets; sourceTree = "<group>"; };
		F9C48C7B296D7AD200C76863 /* Base */ = {isa = PBXFileReference; lastKnownFileType = file.storyboard; name = Base; path = Base.lproj/LaunchScreen.storyboard; sourceTree = "<group>"; };
		F9C48C7D296D7AD200C76863 /* Info.plist */ = {isa = PBXFileReference; lastKnownFileType = text.plist.xml; path = Info.plist; sourceTree = "<group>"; };
		F9C48C862972782100C76863 /* MainViewController.swift */ = {isa = PBXFileReference; lastKnownFileType = sourcecode.swift; path = MainViewController.swift; sourceTree = "<group>"; };
/* End PBXFileReference section */

/* Begin PBXFrameworksBuildPhase section */
		F9C48C69296D7AD100C76863 /* Frameworks */ = {
			isa = PBXFrameworksBuildPhase;
			buildActionMask = 2147483647;
			files = (
			);
			runOnlyForDeploymentPostprocessing = 0;
		};
/* End PBXFrameworksBuildPhase section */

/* Begin PBXGroup section */
		6263F8A429755E9B002B5871 /* InfoSearch */ = {
			isa = PBXGroup;
			children = (
				6263F8A529755ECF002B5871 /* InfoSearchViewController.swift */,
				6263F8A729755EF1002B5871 /* InfoSearchTableViewCell.swift */,
				6263F8AA29783AD4002B5871 /* InfoDetailViewController.swift */,
			);
			path = InfoSearch;
			sourceTree = "<group>";
		};
		6280154A297AF86B00732E21 /* InfoRecommend */ = {
			isa = PBXGroup;
			children = (
				6280154B297AF88000732E21 /* InfoRecoTableViewCell.swift */,
				6280154D297AF89C00732E21 /* InfoRecoViewController.swift */,
			);
			path = InfoRecommend;
			sourceTree = "<group>";
		};
		F96C9C0F297A69EF008627FA /* Model */ = {
			isa = PBXGroup;
			children = (
				F96C9C10297A6A80008627FA /* MyGardenModel.swift */,
			);
			path = Model;
			sourceTree = "<group>";
		};
		F9C48C63296D7AD100C76863 = {
			isa = PBXGroup;
			children = (
				F9C48C6E296D7AD100C76863 /* CommonPlant_iOS */,
				F9C48C6D296D7AD100C76863 /* Products */,
			);
			sourceTree = "<group>";
		};
		F9C48C6D296D7AD100C76863 /* Products */ = {
			isa = PBXGroup;
			children = (
				F9C48C6C296D7AD100C76863 /* CommonPlant_iOS.app */,
			);
			name = Products;
			sourceTree = "<group>";
		};
		F9C48C6E296D7AD100C76863 /* CommonPlant_iOS */ = {
			isa = PBXGroup;
			children = (
				F96C9C0F297A69EF008627FA /* Model */,
				F9C48C85296D7DD800C76863 /* Information */,
				F9C48C84296D7DCB00C76863 /* User */,
				F9C48C83296D7D8D00C76863 /* MyGarden */,
				F9C48C6F296D7AD100C76863 /* AppDelegate.swift */,
				F9C48C71296D7AD100C76863 /* SceneDelegate.swift */,
				F9C48C75296D7AD100C76863 /* Main.storyboard */,
				F9C48C78296D7AD200C76863 /* Assets.xcassets */,
				F9C48C7A296D7AD200C76863 /* LaunchScreen.storyboard */,
				F9C48C7D296D7AD200C76863 /* Info.plist */,
			);
			path = CommonPlant_iOS;
			sourceTree = "<group>";
		};
		F9C48C83296D7D8D00C76863 /* MyGarden */ = {
			isa = PBXGroup;
			children = (
				F9C48C862972782100C76863 /* MainViewController.swift */,
				F96C9C072979A29A008627FA /* AddPlaceCollectionViewCell.swift */,
				F96C9C082979A29A008627FA /* AddPlaceCollectionViewCell.xib */,
				F96C9C0B2979A2A9008627FA /* AddPlantCollectionViewCell.swift */,
				F96C9C0C2979A2A9008627FA /* AddPlantCollectionViewCell.xib */,
			);
			path = MyGarden;
			sourceTree = "<group>";
		};
		F9C48C84296D7DCB00C76863 /* User */ = {
			isa = PBXGroup;
			children = (
			);
			path = User;
			sourceTree = "<group>";
		};
		F9C48C85296D7DD800C76863 /* Information */ = {
			isa = PBXGroup;
			children = (
				6280154A297AF86B00732E21 /* InfoRecommend */,
				6263F8A429755E9B002B5871 /* InfoSearch */,
				6274C3BA296ED78C00172941 /* InfoViewController.swift */,
				62A334B429746AEA007747E7 /* PlantTableViewCell.swift */,
				62801544297A89A500732E21 /* PlantCollectionViewCell.swift */,
			);
			path = Information;
			sourceTree = "<group>";
		};
/* End PBXGroup section */

/* Begin PBXNativeTarget section */
		F9C48C6B296D7AD100C76863 /* CommonPlant_iOS */ = {
			isa = PBXNativeTarget;
			buildConfigurationList = F9C48C80296D7AD200C76863 /* Build configuration list for PBXNativeTarget "CommonPlant_iOS" */;
			buildPhases = (
				F9C48C68296D7AD100C76863 /* Sources */,
				F9C48C69296D7AD100C76863 /* Frameworks */,
				F9C48C6A296D7AD100C76863 /* Resources */,
			);
			buildRules = (
			);
			dependencies = (
			);
			name = CommonPlant_iOS;
			productName = CommonPlant_iOS;
			productReference = F9C48C6C296D7AD100C76863 /* CommonPlant_iOS.app */;
			productType = "com.apple.product-type.application";
		};
/* End PBXNativeTarget section */

/* Begin PBXProject section */
		F9C48C64296D7AD100C76863 /* Project object */ = {
			isa = PBXProject;
			attributes = {
				BuildIndependentTargetsInParallel = 1;
				LastSwiftUpdateCheck = 1420;
				LastUpgradeCheck = 1420;
				TargetAttributes = {
					F9C48C6B296D7AD100C76863 = {
						CreatedOnToolsVersion = 14.2;
					};
				};
			};
			buildConfigurationList = F9C48C67296D7AD100C76863 /* Build configuration list for PBXProject "CommonPlant_iOS" */;
			compatibilityVersion = "Xcode 14.0";
			developmentRegion = en;
			hasScannedForEncodings = 0;
			knownRegions = (
				en,
				Base,
			);
			mainGroup = F9C48C63296D7AD100C76863;
			productRefGroup = F9C48C6D296D7AD100C76863 /* Products */;
			projectDirPath = "";
			projectRoot = "";
			targets = (
				F9C48C6B296D7AD100C76863 /* CommonPlant_iOS */,
			);
		};
/* End PBXProject section */

/* Begin PBXResourcesBuildPhase section */
		F9C48C6A296D7AD100C76863 /* Resources */ = {
			isa = PBXResourcesBuildPhase;
			buildActionMask = 2147483647;
			files = (
				F96C9C0A2979A29A008627FA /* AddPlaceCollectionViewCell.xib in Resources */,
				F9C48C7C296D7AD200C76863 /* LaunchScreen.storyboard in Resources */,
				F96C9C0E2979A2A9008627FA /* AddPlantCollectionViewCell.xib in Resources */,
				F9C48C79296D7AD200C76863 /* Assets.xcassets in Resources */,
				F9C48C77296D7AD100C76863 /* Main.storyboard in Resources */,
			);
			runOnlyForDeploymentPostprocessing = 0;
		};
/* End PBXResourcesBuildPhase section */

/* Begin PBXSourcesBuildPhase section */
		F9C48C68296D7AD100C76863 /* Sources */ = {
			isa = PBXSourcesBuildPhase;
			buildActionMask = 2147483647;
			files = (
				6280154C297AF88000732E21 /* InfoRecoTableViewCell.swift in Sources */,
				F96C9C092979A29A008627FA /* AddPlaceCollectionViewCell.swift in Sources */,
				6263F8A629755ECF002B5871 /* InfoSearchViewController.swift in Sources */,
				F96C9C0D2979A2A9008627FA /* AddPlantCollectionViewCell.swift in Sources */,
				F9C48C872972782100C76863 /* MainViewController.swift in Sources */,
				6280154E297AF89C00732E21 /* InfoRecoViewController.swift in Sources */,
				62A334B529746AEA007747E7 /* PlantTableViewCell.swift in Sources */,
				6263F8A829755EF1002B5871 /* InfoSearchTableViewCell.swift in Sources */,
				F9C48C70296D7AD100C76863 /* AppDelegate.swift in Sources */,
				6274C3BB296ED78C00172941 /* InfoViewController.swift in Sources */,
				F9C48C72296D7AD100C76863 /* SceneDelegate.swift in Sources */,
				F96C9C11297A6A80008627FA /* MyGardenModel.swift in Sources */,
				62801545297A89A500732E21 /* PlantCollectionViewCell.swift in Sources */,
				6263F8AB29783AD4002B5871 /* InfoDetailViewController.swift in Sources */,
			);
			runOnlyForDeploymentPostprocessing = 0;
		};
/* End PBXSourcesBuildPhase section */

/* Begin PBXVariantGroup section */
		F9C48C75296D7AD100C76863 /* Main.storyboard */ = {
			isa = PBXVariantGroup;
			children = (
				F9C48C76296D7AD100C76863 /* Base */,
			);
			name = Main.storyboard;
			sourceTree = "<group>";
		};
		F9C48C7A296D7AD200C76863 /* LaunchScreen.storyboard */ = {
			isa = PBXVariantGroup;
			children = (
				F9C48C7B296D7AD200C76863 /* Base */,
			);
			name = LaunchScreen.storyboard;
			sourceTree = "<group>";
		};
/* End PBXVariantGroup section */

/* Begin XCBuildConfiguration section */
		F9C48C7E296D7AD200C76863 /* Debug */ = {
			isa = XCBuildConfiguration;
			buildSettings = {
				ALWAYS_SEARCH_USER_PATHS = NO;
				CLANG_ANALYZER_NONNULL = YES;
				CLANG_ANALYZER_NUMBER_OBJECT_CONVERSION = YES_AGGRESSIVE;
				CLANG_CXX_LANGUAGE_STANDARD = "gnu++20";
				CLANG_ENABLE_MODULES = YES;
				CLANG_ENABLE_OBJC_ARC = YES;
				CLANG_ENABLE_OBJC_WEAK = YES;
				CLANG_WARN_BLOCK_CAPTURE_AUTORELEASING = YES;
				CLANG_WARN_BOOL_CONVERSION = YES;
				CLANG_WARN_COMMA = YES;
				CLANG_WARN_CONSTANT_CONVERSION = YES;
				CLANG_WARN_DEPRECATED_OBJC_IMPLEMENTATIONS = YES;
				CLANG_WARN_DIRECT_OBJC_ISA_USAGE = YES_ERROR;
				CLANG_WARN_DOCUMENTATION_COMMENTS = YES;
				CLANG_WARN_EMPTY_BODY = YES;
				CLANG_WARN_ENUM_CONVERSION = YES;
				CLANG_WARN_INFINITE_RECURSION = YES;
				CLANG_WARN_INT_CONVERSION = YES;
				CLANG_WARN_NON_LITERAL_NULL_CONVERSION = YES;
				CLANG_WARN_OBJC_IMPLICIT_RETAIN_SELF = YES;
				CLANG_WARN_OBJC_LITERAL_CONVERSION = YES;
				CLANG_WARN_OBJC_ROOT_CLASS = YES_ERROR;
				CLANG_WARN_QUOTED_INCLUDE_IN_FRAMEWORK_HEADER = YES;
				CLANG_WARN_RANGE_LOOP_ANALYSIS = YES;
				CLANG_WARN_STRICT_PROTOTYPES = YES;
				CLANG_WARN_SUSPICIOUS_MOVE = YES;
				CLANG_WARN_UNGUARDED_AVAILABILITY = YES_AGGRESSIVE;
				CLANG_WARN_UNREACHABLE_CODE = YES;
				CLANG_WARN__DUPLICATE_METHOD_MATCH = YES;
				COPY_PHASE_STRIP = NO;
				DEBUG_INFORMATION_FORMAT = dwarf;
				ENABLE_STRICT_OBJC_MSGSEND = YES;
				ENABLE_TESTABILITY = YES;
				GCC_C_LANGUAGE_STANDARD = gnu11;
				GCC_DYNAMIC_NO_PIC = NO;
				GCC_NO_COMMON_BLOCKS = YES;
				GCC_OPTIMIZATION_LEVEL = 0;
				GCC_PREPROCESSOR_DEFINITIONS = (
					"DEBUG=1",
					"$(inherited)",
				);
				GCC_WARN_64_TO_32_BIT_CONVERSION = YES;
				GCC_WARN_ABOUT_RETURN_TYPE = YES_ERROR;
				GCC_WARN_UNDECLARED_SELECTOR = YES;
				GCC_WARN_UNINITIALIZED_AUTOS = YES_AGGRESSIVE;
				GCC_WARN_UNUSED_FUNCTION = YES;
				GCC_WARN_UNUSED_VARIABLE = YES;
				IPHONEOS_DEPLOYMENT_TARGET = 16.2;
				MTL_ENABLE_DEBUG_INFO = INCLUDE_SOURCE;
				MTL_FAST_MATH = YES;
				ONLY_ACTIVE_ARCH = YES;
				SDKROOT = iphoneos;
				SWIFT_ACTIVE_COMPILATION_CONDITIONS = DEBUG;
				SWIFT_OPTIMIZATION_LEVEL = "-Onone";
			};
			name = Debug;
		};
		F9C48C7F296D7AD200C76863 /* Release */ = {
			isa = XCBuildConfiguration;
			buildSettings = {
				ALWAYS_SEARCH_USER_PATHS = NO;
				CLANG_ANALYZER_NONNULL = YES;
				CLANG_ANALYZER_NUMBER_OBJECT_CONVERSION = YES_AGGRESSIVE;
				CLANG_CXX_LANGUAGE_STANDARD = "gnu++20";
				CLANG_ENABLE_MODULES = YES;
				CLANG_ENABLE_OBJC_ARC = YES;
				CLANG_ENABLE_OBJC_WEAK = YES;
				CLANG_WARN_BLOCK_CAPTURE_AUTORELEASING = YES;
				CLANG_WARN_BOOL_CONVERSION = YES;
				CLANG_WARN_COMMA = YES;
				CLANG_WARN_CONSTANT_CONVERSION = YES;
				CLANG_WARN_DEPRECATED_OBJC_IMPLEMENTATIONS = YES;
				CLANG_WARN_DIRECT_OBJC_ISA_USAGE = YES_ERROR;
				CLANG_WARN_DOCUMENTATION_COMMENTS = YES;
				CLANG_WARN_EMPTY_BODY = YES;
				CLANG_WARN_ENUM_CONVERSION = YES;
				CLANG_WARN_INFINITE_RECURSION = YES;
				CLANG_WARN_INT_CONVERSION = YES;
				CLANG_WARN_NON_LITERAL_NULL_CONVERSION = YES;
				CLANG_WARN_OBJC_IMPLICIT_RETAIN_SELF = YES;
				CLANG_WARN_OBJC_LITERAL_CONVERSION = YES;
				CLANG_WARN_OBJC_ROOT_CLASS = YES_ERROR;
				CLANG_WARN_QUOTED_INCLUDE_IN_FRAMEWORK_HEADER = YES;
				CLANG_WARN_RANGE_LOOP_ANALYSIS = YES;
				CLANG_WARN_STRICT_PROTOTYPES = YES;
				CLANG_WARN_SUSPICIOUS_MOVE = YES;
				CLANG_WARN_UNGUARDED_AVAILABILITY = YES_AGGRESSIVE;
				CLANG_WARN_UNREACHABLE_CODE = YES;
				CLANG_WARN__DUPLICATE_METHOD_MATCH = YES;
				COPY_PHASE_STRIP = NO;
				DEBUG_INFORMATION_FORMAT = "dwarf-with-dsym";
				ENABLE_NS_ASSERTIONS = NO;
				ENABLE_STRICT_OBJC_MSGSEND = YES;
				GCC_C_LANGUAGE_STANDARD = gnu11;
				GCC_NO_COMMON_BLOCKS = YES;
				GCC_WARN_64_TO_32_BIT_CONVERSION = YES;
				GCC_WARN_ABOUT_RETURN_TYPE = YES_ERROR;
				GCC_WARN_UNDECLARED_SELECTOR = YES;
				GCC_WARN_UNINITIALIZED_AUTOS = YES_AGGRESSIVE;
				GCC_WARN_UNUSED_FUNCTION = YES;
				GCC_WARN_UNUSED_VARIABLE = YES;
				IPHONEOS_DEPLOYMENT_TARGET = 16.2;
				MTL_ENABLE_DEBUG_INFO = NO;
				MTL_FAST_MATH = YES;
				SDKROOT = iphoneos;
				SWIFT_COMPILATION_MODE = wholemodule;
				SWIFT_OPTIMIZATION_LEVEL = "-O";
				VALIDATE_PRODUCT = YES;
			};
			name = Release;
		};
		F9C48C81296D7AD200C76863 /* Debug */ = {
			isa = XCBuildConfiguration;
			buildSettings = {
				ASSETCATALOG_COMPILER_APPICON_NAME = AppIcon;
				ASSETCATALOG_COMPILER_GLOBAL_ACCENT_COLOR_NAME = AccentColor;
				CODE_SIGN_STYLE = Automatic;
				CURRENT_PROJECT_VERSION = 1;
				DEVELOPMENT_TEAM = 9HP6SS4WYV;
				GENERATE_INFOPLIST_FILE = YES;
				INFOPLIST_FILE = CommonPlant_iOS/Info.plist;
				INFOPLIST_KEY_UIApplicationSupportsIndirectInputEvents = YES;
				INFOPLIST_KEY_UILaunchStoryboardName = LaunchScreen;
				INFOPLIST_KEY_UIMainStoryboardFile = Main;
				INFOPLIST_KEY_UISupportedInterfaceOrientations_iPad = "UIInterfaceOrientationPortrait UIInterfaceOrientationPortraitUpsideDown UIInterfaceOrientationLandscapeLeft UIInterfaceOrientationLandscapeRight";
				INFOPLIST_KEY_UISupportedInterfaceOrientations_iPhone = "UIInterfaceOrientationPortrait UIInterfaceOrientationLandscapeLeft UIInterfaceOrientationLandscapeRight";
				LD_RUNPATH_SEARCH_PATHS = (
					"$(inherited)",
					"@executable_path/Frameworks",
				);
				MARKETING_VERSION = 1.0;
				PRODUCT_BUNDLE_IDENTIFIER = "com.yaewon.CommonPlant-iOS";
				PRODUCT_NAME = "$(TARGET_NAME)";
				SWIFT_EMIT_LOC_STRINGS = YES;
				SWIFT_VERSION = 5.0;
				TARGETED_DEVICE_FAMILY = "1,2";
			};
			name = Debug;
		};
		F9C48C82296D7AD200C76863 /* Release */ = {
			isa = XCBuildConfiguration;
			buildSettings = {
				ASSETCATALOG_COMPILER_APPICON_NAME = AppIcon;
				ASSETCATALOG_COMPILER_GLOBAL_ACCENT_COLOR_NAME = AccentColor;
				CODE_SIGN_STYLE = Automatic;
				CURRENT_PROJECT_VERSION = 1;
				DEVELOPMENT_TEAM = 9HP6SS4WYV;
				GENERATE_INFOPLIST_FILE = YES;
				INFOPLIST_FILE = CommonPlant_iOS/Info.plist;
				INFOPLIST_KEY_UIApplicationSupportsIndirectInputEvents = YES;
				INFOPLIST_KEY_UILaunchStoryboardName = LaunchScreen;
				INFOPLIST_KEY_UIMainStoryboardFile = Main;
				INFOPLIST_KEY_UISupportedInterfaceOrientations_iPad = "UIInterfaceOrientationPortrait UIInterfaceOrientationPortraitUpsideDown UIInterfaceOrientationLandscapeLeft UIInterfaceOrientationLandscapeRight";
				INFOPLIST_KEY_UISupportedInterfaceOrientations_iPhone = "UIInterfaceOrientationPortrait UIInterfaceOrientationLandscapeLeft UIInterfaceOrientationLandscapeRight";
				LD_RUNPATH_SEARCH_PATHS = (
					"$(inherited)",
					"@executable_path/Frameworks",
				);
				MARKETING_VERSION = 1.0;
				PRODUCT_BUNDLE_IDENTIFIER = "com.yaewon.CommonPlant-iOS";
				PRODUCT_NAME = "$(TARGET_NAME)";
				SWIFT_EMIT_LOC_STRINGS = YES;
				SWIFT_VERSION = 5.0;
				TARGETED_DEVICE_FAMILY = "1,2";
			};
			name = Release;
		};
/* End XCBuildConfiguration section */

/* Begin XCConfigurationList section */
		F9C48C67296D7AD100C76863 /* Build configuration list for PBXProject "CommonPlant_iOS" */ = {
			isa = XCConfigurationList;
			buildConfigurations = (
				F9C48C7E296D7AD200C76863 /* Debug */,
				F9C48C7F296D7AD200C76863 /* Release */,
			);
			defaultConfigurationIsVisible = 0;
			defaultConfigurationName = Release;
		};
		F9C48C80296D7AD200C76863 /* Build configuration list for PBXNativeTarget "CommonPlant_iOS" */ = {
			isa = XCConfigurationList;
			buildConfigurations = (
				F9C48C81296D7AD200C76863 /* Debug */,
				F9C48C82296D7AD200C76863 /* Release */,
			);
			defaultConfigurationIsVisible = 0;
			defaultConfigurationName = Release;
		};
/* End XCConfigurationList section */
	};
	rootObject = F9C48C64296D7AD100C76863 /* Project object */;
}
