// !$*UTF8*$!
{
	archiveVersion = 1;
	classes = {
	};
	objectVersion = 56;
	objects = {

/* Begin PBXBuildFile section */
		489585FA296E438D0035C292 /* KakaoSDK in Frameworks */ = {isa = PBXBuildFile; productRef = 489585F9296E438D0035C292 /* KakaoSDK */; };
		489585FD296E4C940035C292 /* NaverThirdPartyLogin in Frameworks */ = {isa = PBXBuildFile; productRef = 489585FC296E4C940035C292 /* NaverThirdPartyLogin */; };
		48958600296E4D280035C292 /* GoogleSignIn in Frameworks */ = {isa = PBXBuildFile; productRef = 489585FF296E4D280035C292 /* GoogleSignIn */; };
		48958602296E4D280035C292 /* GoogleSignInSwift in Frameworks */ = {isa = PBXBuildFile; productRef = 48958601296E4D280035C292 /* GoogleSignInSwift */; };
		48A5EF4E2974DCBA00779443 /* LoginViewController.swift in Sources */ = {isa = PBXBuildFile; fileRef = 48A5EF4C2974DCBA00779443 /* LoginViewController.swift */; };
		48A5EF512974DD0E00779443 /* MyPageViewController.swift in Sources */ = {isa = PBXBuildFile; fileRef = 48A5EF4F2974DD0E00779443 /* MyPageViewController.swift */; };
		48A5EF552974E65100779443 /* StartViewController.swift in Sources */ = {isa = PBXBuildFile; fileRef = 48A5EF542974E65100779443 /* StartViewController.swift */; };
		48BD658C2976350D0062E2F6 /* NicknameViewController.swift in Sources */ = {isa = PBXBuildFile; fileRef = 48BD658B2976350D0062E2F6 /* NicknameViewController.swift */; };
		6202486C29827E6600C26F9C /* Info.storyboard in Resources */ = {isa = PBXBuildFile; fileRef = 6202486A29827E6600C26F9C /* Info.storyboard */; };
		6202486E29827F2400C26F9C /* TipCollectionViewCell.swift in Sources */ = {isa = PBXBuildFile; fileRef = 6202486D29827F2400C26F9C /* TipCollectionViewCell.swift */; };
		6202487129827F9500C26F9C /* InfoRecoViewController.swift in Sources */ = {isa = PBXBuildFile; fileRef = 6202487029827F9500C26F9C /* InfoRecoViewController.swift */; };
		6202487329827FBB00C26F9C /* InfoRecoTableViewCell.swift in Sources */ = {isa = PBXBuildFile; fileRef = 6202487229827FBB00C26F9C /* InfoRecoTableViewCell.swift */; };
		623AEFEF298ED4C1007E1133 /* InfoSearchModel.swift in Sources */ = {isa = PBXBuildFile; fileRef = 623AEFEE298ED4C1007E1133 /* InfoSearchModel.swift */; };
		623AEFFB2991625B007E1133 /* MyAlamofireManager.swift in Sources */ = {isa = PBXBuildFile; fileRef = 623AEFFA2991625B007E1133 /* MyAlamofireManager.swift */; };
		623AEFFD29916310007E1133 /* BaseInterceptor.swift in Sources */ = {isa = PBXBuildFile; fileRef = 623AEFFC29916310007E1133 /* BaseInterceptor.swift */; };
		623AEFFF29924182007E1133 /* MyLogger.swift in Sources */ = {isa = PBXBuildFile; fileRef = 623AEFFE29924182007E1133 /* MyLogger.swift */; };
		623AF001299243F2007E1133 /* MyApiStatusLogger.swift in Sources */ = {isa = PBXBuildFile; fileRef = 623AF000299243F2007E1133 /* MyApiStatusLogger.swift */; };
		623AF0092992768A007E1133 /* Contraint.swift in Sources */ = {isa = PBXBuildFile; fileRef = 623AF0082992768A007E1133 /* Contraint.swift */; };
		623AF00B2993B8C5007E1133 /* APIResult.swift in Sources */ = {isa = PBXBuildFile; fileRef = 623AF00A2993B8C5007E1133 /* APIResult.swift */; };
		623AF00D2993C454007E1133 /* Memo.storyboard in Resources */ = {isa = PBXBuildFile; fileRef = 623AF00C2993C453007E1133 /* Memo.storyboard */; };
		623CBC07298AD21A00401990 /* Calendar.storyboard in Resources */ = {isa = PBXBuildFile; fileRef = 623CBC05298AD21A00401990 /* Calendar.storyboard */; };
		623CBC0A298AD30E00401990 /* FSCalendar in Frameworks */ = {isa = PBXBuildFile; productRef = 623CBC09298AD30E00401990 /* FSCalendar */; };
		623CBC0D298AD38700401990 /* CalendarViewController.swift in Sources */ = {isa = PBXBuildFile; fileRef = 623CBC0C298AD38700401990 /* CalendarViewController.swift */; };
		6263F8A629755ECF002B5871 /* InfoSearchViewController.swift in Sources */ = {isa = PBXBuildFile; fileRef = 6263F8A529755ECF002B5871 /* InfoSearchViewController.swift */; };
		6263F8A829755EF1002B5871 /* InfoSearchTableViewCell.swift in Sources */ = {isa = PBXBuildFile; fileRef = 6263F8A729755EF1002B5871 /* InfoSearchTableViewCell.swift */; };
		6263F8AB29783AD4002B5871 /* InfoDetailViewController.swift in Sources */ = {isa = PBXBuildFile; fileRef = 6263F8AA29783AD4002B5871 /* InfoDetailViewController.swift */; };
		626D081F2984022D00B1D782 /* UserProfile.storyboard in Resources */ = {isa = PBXBuildFile; fileRef = 626D081D2984022D00B1D782 /* UserProfile.storyboard */; };
		6274C3BB296ED78C00172941 /* InfoViewController.swift in Sources */ = {isa = PBXBuildFile; fileRef = 6274C3BA296ED78C00172941 /* InfoViewController.swift */; };
		62801545297A89A500732E21 /* PlantCollectionViewCell.swift in Sources */ = {isa = PBXBuildFile; fileRef = 62801544297A89A500732E21 /* PlantCollectionViewCell.swift */; };
		628C8B7D2998B252008BE280 /* MemoViewController.swift in Sources */ = {isa = PBXBuildFile; fileRef = 628C8B7C2998B252008BE280 /* MemoViewController.swift */; };
		628C8B7F2998B27F008BE280 /* MemoTableViewCell.swift in Sources */ = {isa = PBXBuildFile; fileRef = 628C8B7E2998B27F008BE280 /* MemoTableViewCell.swift */; };
		62A2FABC2985830D00CF0DAB /* kakaoLogin.swift in Sources */ = {isa = PBXBuildFile; fileRef = 62A2FABB2985830D00CF0DAB /* kakaoLogin.swift */; };
		62A2FABE2985837600CF0DAB /* InfoDetailModel.swift in Sources */ = {isa = PBXBuildFile; fileRef = 62A2FABD2985837600CF0DAB /* InfoDetailModel.swift */; };
		62A334B529746AEA007747E7 /* PlantTableViewCell.swift in Sources */ = {isa = PBXBuildFile; fileRef = 62A334B429746AEA007747E7 /* PlantTableViewCell.swift */; };
		62B9B6BD298257AE00500155 /* Login.storyboard in Resources */ = {isa = PBXBuildFile; fileRef = 62B9B6BB298257AE00500155 /* Login.storyboard */; };
		F96C9C092979A29A008627FA /* AddPlaceCollectionViewCell.swift in Sources */ = {isa = PBXBuildFile; fileRef = F96C9C072979A29A008627FA /* AddPlaceCollectionViewCell.swift */; };
		F96C9C0A2979A29A008627FA /* AddPlaceCollectionViewCell.xib in Resources */ = {isa = PBXBuildFile; fileRef = F96C9C082979A29A008627FA /* AddPlaceCollectionViewCell.xib */; };
		F96C9C0D2979A2A9008627FA /* AddPlantCollectionViewCell.swift in Sources */ = {isa = PBXBuildFile; fileRef = F96C9C0B2979A2A9008627FA /* AddPlantCollectionViewCell.swift */; };
		F96C9C0E2979A2A9008627FA /* AddPlantCollectionViewCell.xib in Resources */ = {isa = PBXBuildFile; fileRef = F96C9C0C2979A2A9008627FA /* AddPlantCollectionViewCell.xib */; };
		F96C9C11297A6A80008627FA /* MyGardenModel.swift in Sources */ = {isa = PBXBuildFile; fileRef = F96C9C10297A6A80008627FA /* MyGardenModel.swift */; };
		F96C9C1D297AEE04008627FA /* TabBarController.swift in Sources */ = {isa = PBXBuildFile; fileRef = F96C9C1C297AEE04008627FA /* TabBarController.swift */; };
		F96E8CAF298B9A64005E5640 /* AddPlaceVC.swift in Sources */ = {isa = PBXBuildFile; fileRef = F96E8CAE298B9A64005E5640 /* AddPlaceVC.swift */; };
		F98C813C298A7BF300682C47 /* MyPlaceTableViewCell.swift in Sources */ = {isa = PBXBuildFile; fileRef = F98C8138298A7BF300682C47 /* MyPlaceTableViewCell.swift */; };
		F98C813D298A7BF300682C47 /* MyPlaceVC.swift in Sources */ = {isa = PBXBuildFile; fileRef = F98C8139298A7BF300682C47 /* MyPlaceVC.swift */; };
		F98C813E298A7BF300682C47 /* MyPlantCollectionViewCell.swift in Sources */ = {isa = PBXBuildFile; fileRef = F98C813A298A7BF300682C47 /* MyPlantCollectionViewCell.swift */; };
		F98C813F298A7BF300682C47 /* MyPlantVC.swift in Sources */ = {isa = PBXBuildFile; fileRef = F98C813B298A7BF300682C47 /* MyPlantVC.swift */; };
		F99AC6E92983D30B0009E3DE /* MyGarden.storyboard in Resources */ = {isa = PBXBuildFile; fileRef = F99AC6E82983D30B0009E3DE /* MyGarden.storyboard */; };
		F9C48C70296D7AD100C76863 /* AppDelegate.swift in Sources */ = {isa = PBXBuildFile; fileRef = F9C48C6F296D7AD100C76863 /* AppDelegate.swift */; };
		F9C48C72296D7AD100C76863 /* SceneDelegate.swift in Sources */ = {isa = PBXBuildFile; fileRef = F9C48C71296D7AD100C76863 /* SceneDelegate.swift */; };
		F9C48C77296D7AD100C76863 /* Main.storyboard in Resources */ = {isa = PBXBuildFile; fileRef = F9C48C75296D7AD100C76863 /* Main.storyboard */; };
		F9C48C79296D7AD200C76863 /* Assets.xcassets in Resources */ = {isa = PBXBuildFile; fileRef = F9C48C78296D7AD200C76863 /* Assets.xcassets */; };
		F9C48C7C296D7AD200C76863 /* LaunchScreen.storyboard in Resources */ = {isa = PBXBuildFile; fileRef = F9C48C7A296D7AD200C76863 /* LaunchScreen.storyboard */; };
		F9C48C872972782100C76863 /* MainVC.swift in Sources */ = {isa = PBXBuildFile; fileRef = F9C48C862972782100C76863 /* MainVC.swift */; };
		F9D2643D2990E45200C3D243 /* PostcodeVC.swift in Sources */ = {isa = PBXBuildFile; fileRef = F9D2643C2990E45200C3D243 /* PostcodeVC.swift */; };
/* End PBXBuildFile section */

/* Begin PBXFileReference section */
		48958603296E4F350035C292 /* CommonPlant_iOS.entitlements */ = {isa = PBXFileReference; lastKnownFileType = text.plist.entitlements; path = CommonPlant_iOS.entitlements; sourceTree = "<group>"; };
		48A5EF4D2974DCBA00779443 /* Base */ = {isa = PBXFileReference; lastKnownFileType = sourcecode.swift; name = Base; path = CommonPlant_iOS/Base.lproj/LoginViewController.swift; sourceTree = SOURCE_ROOT; };
		48A5EF502974DD0E00779443 /* Base */ = {isa = PBXFileReference; lastKnownFileType = sourcecode.swift; name = Base; path = CommonPlant_iOS/Base.lproj/MyPageViewController.swift; sourceTree = SOURCE_ROOT; };
		48A5EF542974E65100779443 /* StartViewController.swift */ = {isa = PBXFileReference; lastKnownFileType = sourcecode.swift; name = StartViewController.swift; path = CommonPlant_iOS/StartViewController.swift; sourceTree = SOURCE_ROOT; };
		48BD658B2976350D0062E2F6 /* NicknameViewController.swift */ = {isa = PBXFileReference; lastKnownFileType = sourcecode.swift; name = NicknameViewController.swift; path = CommonPlant_iOS/NicknameViewController.swift; sourceTree = SOURCE_ROOT; };
		6202486B29827E6600C26F9C /* Base */ = {isa = PBXFileReference; lastKnownFileType = file.storyboard; name = Base; path = Base.lproj/Info.storyboard; sourceTree = "<group>"; };
		6202486D29827F2400C26F9C /* TipCollectionViewCell.swift */ = {isa = PBXFileReference; lastKnownFileType = sourcecode.swift; path = TipCollectionViewCell.swift; sourceTree = "<group>"; };
		6202487029827F9500C26F9C /* InfoRecoViewController.swift */ = {isa = PBXFileReference; lastKnownFileType = sourcecode.swift; path = InfoRecoViewController.swift; sourceTree = "<group>"; };
		6202487229827FBB00C26F9C /* InfoRecoTableViewCell.swift */ = {isa = PBXFileReference; lastKnownFileType = sourcecode.swift; path = InfoRecoTableViewCell.swift; sourceTree = "<group>"; };
		623AEFEE298ED4C1007E1133 /* InfoSearchModel.swift */ = {isa = PBXFileReference; lastKnownFileType = sourcecode.swift; path = InfoSearchModel.swift; sourceTree = "<group>"; };
		623AEFFA2991625B007E1133 /* MyAlamofireManager.swift */ = {isa = PBXFileReference; lastKnownFileType = sourcecode.swift; path = MyAlamofireManager.swift; sourceTree = "<group>"; };
		623AEFFC29916310007E1133 /* BaseInterceptor.swift */ = {isa = PBXFileReference; lastKnownFileType = sourcecode.swift; path = BaseInterceptor.swift; sourceTree = "<group>"; };
		623AEFFE29924182007E1133 /* MyLogger.swift */ = {isa = PBXFileReference; lastKnownFileType = sourcecode.swift; path = MyLogger.swift; sourceTree = "<group>"; };
		623AF000299243F2007E1133 /* MyApiStatusLogger.swift */ = {isa = PBXFileReference; lastKnownFileType = sourcecode.swift; path = MyApiStatusLogger.swift; sourceTree = "<group>"; };
		623AF0082992768A007E1133 /* Contraint.swift */ = {isa = PBXFileReference; lastKnownFileType = sourcecode.swift; path = Contraint.swift; sourceTree = "<group>"; };
		623AF00A2993B8C5007E1133 /* APIResult.swift */ = {isa = PBXFileReference; lastKnownFileType = sourcecode.swift; path = APIResult.swift; sourceTree = "<group>"; };
		623AF00C2993C453007E1133 /* Memo.storyboard */ = {isa = PBXFileReference; lastKnownFileType = file.storyboard; path = Memo.storyboard; sourceTree = "<group>"; };
		623CBC06298AD21A00401990 /* Base */ = {isa = PBXFileReference; lastKnownFileType = file.storyboard; name = Base; path = Base.lproj/Calendar.storyboard; sourceTree = "<group>"; };
		623CBC0C298AD38700401990 /* CalendarViewController.swift */ = {isa = PBXFileReference; lastKnownFileType = sourcecode.swift; path = CalendarViewController.swift; sourceTree = "<group>"; };
		6263F8A529755ECF002B5871 /* InfoSearchViewController.swift */ = {isa = PBXFileReference; lastKnownFileType = sourcecode.swift; path = InfoSearchViewController.swift; sourceTree = "<group>"; };
		6263F8A729755EF1002B5871 /* InfoSearchTableViewCell.swift */ = {isa = PBXFileReference; lastKnownFileType = sourcecode.swift; path = InfoSearchTableViewCell.swift; sourceTree = "<group>"; };
		6263F8AA29783AD4002B5871 /* InfoDetailViewController.swift */ = {isa = PBXFileReference; lastKnownFileType = sourcecode.swift; name = InfoDetailViewController.swift; path = CommonPlant_iOS/Information/InfoDetailViewController.swift; sourceTree = SOURCE_ROOT; };
		626D081E2984022D00B1D782 /* Base */ = {isa = PBXFileReference; lastKnownFileType = file.storyboard; name = Base; path = Base.lproj/UserProfile.storyboard; sourceTree = "<group>"; };
		6274C3BA296ED78C00172941 /* InfoViewController.swift */ = {isa = PBXFileReference; lastKnownFileType = sourcecode.swift; name = InfoViewController.swift; path = CommonPlant_iOS/InfoViewController.swift; sourceTree = SOURCE_ROOT; };
		62801544297A89A500732E21 /* PlantCollectionViewCell.swift */ = {isa = PBXFileReference; lastKnownFileType = sourcecode.swift; name = PlantCollectionViewCell.swift; path = CommonPlant_iOS/PlantCollectionViewCell.swift; sourceTree = SOURCE_ROOT; };
		628C8B7C2998B252008BE280 /* MemoViewController.swift */ = {isa = PBXFileReference; lastKnownFileType = sourcecode.swift; path = MemoViewController.swift; sourceTree = "<group>"; };
		628C8B7E2998B27F008BE280 /* MemoTableViewCell.swift */ = {isa = PBXFileReference; lastKnownFileType = sourcecode.swift; path = MemoTableViewCell.swift; sourceTree = "<group>"; };
		62A2FABB2985830D00CF0DAB /* kakaoLogin.swift */ = {isa = PBXFileReference; lastKnownFileType = sourcecode.swift; path = kakaoLogin.swift; sourceTree = "<group>"; };
		62A2FABD2985837600CF0DAB /* InfoDetailModel.swift */ = {isa = PBXFileReference; lastKnownFileType = sourcecode.swift; path = InfoDetailModel.swift; sourceTree = "<group>"; };
		62A334B429746AEA007747E7 /* PlantTableViewCell.swift */ = {isa = PBXFileReference; lastKnownFileType = sourcecode.swift; name = PlantTableViewCell.swift; path = CommonPlant_iOS/Info/PlantTableViewCell.swift; sourceTree = SOURCE_ROOT; };
		62B9B6BC298257AE00500155 /* Base */ = {isa = PBXFileReference; lastKnownFileType = file.storyboard; name = Base; path = Base.lproj/Login.storyboard; sourceTree = "<group>"; };
		F96C9C072979A29A008627FA /* AddPlaceCollectionViewCell.swift */ = {isa = PBXFileReference; lastKnownFileType = sourcecode.swift; path = AddPlaceCollectionViewCell.swift; sourceTree = "<group>"; };
		F96C9C082979A29A008627FA /* AddPlaceCollectionViewCell.xib */ = {isa = PBXFileReference; lastKnownFileType = file.xib; path = AddPlaceCollectionViewCell.xib; sourceTree = "<group>"; };
		F96C9C0B2979A2A9008627FA /* AddPlantCollectionViewCell.swift */ = {isa = PBXFileReference; lastKnownFileType = sourcecode.swift; path = AddPlantCollectionViewCell.swift; sourceTree = "<group>"; };
		F96C9C0C2979A2A9008627FA /* AddPlantCollectionViewCell.xib */ = {isa = PBXFileReference; lastKnownFileType = file.xib; path = AddPlantCollectionViewCell.xib; sourceTree = "<group>"; };
		F96C9C10297A6A80008627FA /* MyGardenModel.swift */ = {isa = PBXFileReference; lastKnownFileType = sourcecode.swift; path = MyGardenModel.swift; sourceTree = "<group>"; };
		F96C9C1C297AEE04008627FA /* TabBarController.swift */ = {isa = PBXFileReference; lastKnownFileType = sourcecode.swift; path = TabBarController.swift; sourceTree = "<group>"; };
		F96E8CAE298B9A64005E5640 /* AddPlaceVC.swift */ = {isa = PBXFileReference; lastKnownFileType = sourcecode.swift; path = AddPlaceVC.swift; sourceTree = "<group>"; };
		F98C8138298A7BF300682C47 /* MyPlaceTableViewCell.swift */ = {isa = PBXFileReference; fileEncoding = 4; lastKnownFileType = sourcecode.swift; path = MyPlaceTableViewCell.swift; sourceTree = "<group>"; };
		F98C8139298A7BF300682C47 /* MyPlaceVC.swift */ = {isa = PBXFileReference; fileEncoding = 4; lastKnownFileType = sourcecode.swift; path = MyPlaceVC.swift; sourceTree = "<group>"; };
		F98C813A298A7BF300682C47 /* MyPlantCollectionViewCell.swift */ = {isa = PBXFileReference; fileEncoding = 4; lastKnownFileType = sourcecode.swift; path = MyPlantCollectionViewCell.swift; sourceTree = "<group>"; };
		F98C813B298A7BF300682C47 /* MyPlantVC.swift */ = {isa = PBXFileReference; fileEncoding = 4; lastKnownFileType = sourcecode.swift; path = MyPlantVC.swift; sourceTree = "<group>"; };
		F99AC6E82983D30B0009E3DE /* MyGarden.storyboard */ = {isa = PBXFileReference; lastKnownFileType = file.storyboard; path = MyGarden.storyboard; sourceTree = "<group>"; };
		F9C48C6C296D7AD100C76863 /* CommonPlant_iOS.app */ = {isa = PBXFileReference; explicitFileType = wrapper.application; includeInIndex = 0; path = CommonPlant_iOS.app; sourceTree = BUILT_PRODUCTS_DIR; };
		F9C48C6F296D7AD100C76863 /* AppDelegate.swift */ = {isa = PBXFileReference; lastKnownFileType = sourcecode.swift; path = AppDelegate.swift; sourceTree = "<group>"; };
		F9C48C71296D7AD100C76863 /* SceneDelegate.swift */ = {isa = PBXFileReference; lastKnownFileType = sourcecode.swift; path = SceneDelegate.swift; sourceTree = "<group>"; };
		F9C48C76296D7AD100C76863 /* Base */ = {isa = PBXFileReference; lastKnownFileType = file.storyboard; name = Base; path = Base.lproj/Main.storyboard; sourceTree = "<group>"; };
		F9C48C78296D7AD200C76863 /* Assets.xcassets */ = {isa = PBXFileReference; lastKnownFileType = folder.assetcatalog; path = Assets.xcassets; sourceTree = "<group>"; };
		F9C48C7B296D7AD200C76863 /* Base */ = {isa = PBXFileReference; lastKnownFileType = file.storyboard; name = Base; path = Base.lproj/LaunchScreen.storyboard; sourceTree = "<group>"; };
		F9C48C7D296D7AD200C76863 /* Info.plist */ = {isa = PBXFileReference; lastKnownFileType = text.plist.xml; path = Info.plist; sourceTree = "<group>"; };
		F9C48C862972782100C76863 /* MainVC.swift */ = {isa = PBXFileReference; lastKnownFileType = sourcecode.swift; path = MainVC.swift; sourceTree = "<group>"; };
		F9D2643C2990E45200C3D243 /* PostcodeVC.swift */ = {isa = PBXFileReference; lastKnownFileType = sourcecode.swift; path = PostcodeVC.swift; sourceTree = "<group>"; };
/* End PBXFileReference section */

/* Begin PBXFrameworksBuildPhase section */
		F9C48C69296D7AD100C76863 /* Frameworks */ = {
			isa = PBXFrameworksBuildPhase;
			buildActionMask = 2147483647;
			files = (
				489585FD296E4C940035C292 /* NaverThirdPartyLogin in Frameworks */,
				489585FA296E438D0035C292 /* KakaoSDK in Frameworks */,
				48958600296E4D280035C292 /* GoogleSignIn in Frameworks */,
				623CBC0A298AD30E00401990 /* FSCalendar in Frameworks */,
				48958602296E4D280035C292 /* GoogleSignInSwift in Frameworks */,
			);
			runOnlyForDeploymentPostprocessing = 0;
		};
/* End PBXFrameworksBuildPhase section */

/* Begin PBXGroup section */
		6202486F29827F6200C26F9C /* infoRecommend */ = {
			isa = PBXGroup;
			children = (
				6202487029827F9500C26F9C /* InfoRecoViewController.swift */,
				6202487229827FBB00C26F9C /* InfoRecoTableViewCell.swift */,
			);
			path = infoRecommend;
			sourceTree = "<group>";
		};
		623AEFF929916247007E1133 /* API */ = {
			isa = PBXGroup;
			children = (
				623AEFFA2991625B007E1133 /* MyAlamofireManager.swift */,
				623AEFFC29916310007E1133 /* BaseInterceptor.swift */,
				623AEFFE29924182007E1133 /* MyLogger.swift */,
				623AF000299243F2007E1133 /* MyApiStatusLogger.swift */,
			);
			path = API;
			sourceTree = "<group>";
		};
		623AF00729927678007E1133 /* util */ = {
			isa = PBXGroup;
			children = (
				623AF0082992768A007E1133 /* Contraint.swift */,
				623AF00A2993B8C5007E1133 /* APIResult.swift */,
			);
			path = util;
			sourceTree = "<group>";
		};
		623CBC0B298AD36700401990 /* Calendar */ = {
			isa = PBXGroup;
			children = (
				623CBC0C298AD38700401990 /* CalendarViewController.swift */,
			);
			path = Calendar;
			sourceTree = "<group>";
		};
		6263F8A429755E9B002B5871 /* InfoSearch */ = {
			isa = PBXGroup;
			children = (
				6263F8A529755ECF002B5871 /* InfoSearchViewController.swift */,
				6263F8A729755EF1002B5871 /* InfoSearchTableViewCell.swift */,
				6263F8AA29783AD4002B5871 /* InfoDetailViewController.swift */,
				6202486D29827F2400C26F9C /* TipCollectionViewCell.swift */,
			);
			path = InfoSearch;
			sourceTree = "<group>";
		};
		628C8B792998B186008BE280 /* Memo */ = {
			isa = PBXGroup;
			children = (
				628C8B7C2998B252008BE280 /* MemoViewController.swift */,
				628C8B7E2998B27F008BE280 /* MemoTableViewCell.swift */,
			);
			path = Memo;
			sourceTree = "<group>";
		};
		62A2FAB9298582C300CF0DAB /* Model */ = {
			isa = PBXGroup;
			children = (
				62A2FABD2985837600CF0DAB /* InfoDetailModel.swift */,
				623AEFEE298ED4C1007E1133 /* InfoSearchModel.swift */,
			);
			path = Model;
			sourceTree = "<group>";
		};
		62A2FABA298582FF00CF0DAB /* Model */ = {
			isa = PBXGroup;
			children = (
				62A2FABB2985830D00CF0DAB /* kakaoLogin.swift */,
			);
			path = Model;
			sourceTree = "<group>";
		};
		F96C9C0F297A69EF008627FA /* Model */ = {
			isa = PBXGroup;
			children = (
				F96C9C10297A6A80008627FA /* MyGardenModel.swift */,
			);
			path = Model;
			sourceTree = "<group>";
		};
		F9C48C63296D7AD100C76863 = {
			isa = PBXGroup;
			children = (
				F9C48C6E296D7AD100C76863 /* CommonPlant_iOS */,
				F9C48C6D296D7AD100C76863 /* Products */,
			);
			sourceTree = "<group>";
		};
		F9C48C6D296D7AD100C76863 /* Products */ = {
			isa = PBXGroup;
			children = (
				F9C48C6C296D7AD100C76863 /* CommonPlant_iOS.app */,
			);
			name = Products;
			sourceTree = "<group>";
		};
		F9C48C6E296D7AD100C76863 /* CommonPlant_iOS */ = {
			isa = PBXGroup;
			children = (
				628C8B792998B186008BE280 /* Memo */,
				623AF00729927678007E1133 /* util */,
				623AEFF929916247007E1133 /* API */,
				623CBC0B298AD36700401990 /* Calendar */,
				48958603296E4F350035C292 /* CommonPlant_iOS.entitlements */,
				F9C48C85296D7DD800C76863 /* Information */,
				F9C48C84296D7DCB00C76863 /* User */,
				F9C48C83296D7D8D00C76863 /* MyGarden */,
				F96C9C1C297AEE04008627FA /* TabBarController.swift */,
				F9C48C6F296D7AD100C76863 /* AppDelegate.swift */,
				F9C48C71296D7AD100C76863 /* SceneDelegate.swift */,
				F9C48C75296D7AD100C76863 /* Main.storyboard */,
				F9C48C78296D7AD200C76863 /* Assets.xcassets */,
				F9C48C7A296D7AD200C76863 /* LaunchScreen.storyboard */,
				F9C48C7D296D7AD200C76863 /* Info.plist */,
				62B9B6BB298257AE00500155 /* Login.storyboard */,
				6202486A29827E6600C26F9C /* Info.storyboard */,
				626D081D2984022D00B1D782 /* UserProfile.storyboard */,
				623CBC05298AD21A00401990 /* Calendar.storyboard */,
				623AF00C2993C453007E1133 /* Memo.storyboard */,
			);
			path = CommonPlant_iOS;
			sourceTree = "<group>";
		};
		F9C48C83296D7D8D00C76863 /* MyGarden */ = {
			isa = PBXGroup;
			children = (
				F9F9AD1D299270E100E39A19 /* Network */,
				F96C9C0F297A69EF008627FA /* Model */,
				F9C48C862972782100C76863 /* MainVC.swift */,
				F96C9C072979A29A008627FA /* AddPlaceCollectionViewCell.swift */,
				F96C9C082979A29A008627FA /* AddPlaceCollectionViewCell.xib */,
				F96C9C0B2979A2A9008627FA /* AddPlantCollectionViewCell.swift */,
				F96C9C0C2979A2A9008627FA /* AddPlantCollectionViewCell.xib */,
				F98C8138298A7BF300682C47 /* MyPlaceTableViewCell.swift */,
				F98C8139298A7BF300682C47 /* MyPlaceVC.swift */,
				F98C813A298A7BF300682C47 /* MyPlantCollectionViewCell.swift */,
				F98C813B298A7BF300682C47 /* MyPlantVC.swift */,
				F99AC6E82983D30B0009E3DE /* MyGarden.storyboard */,
				F96E8CAE298B9A64005E5640 /* AddPlaceVC.swift */,
				F9D2643C2990E45200C3D243 /* PostcodeVC.swift */,
			);
			path = MyGarden;
			sourceTree = "<group>";
		};
		F9C48C84296D7DCB00C76863 /* User */ = {
			isa = PBXGroup;
			children = (
				62A2FABA298582FF00CF0DAB /* Model */,
				48A5EF4C2974DCBA00779443 /* LoginViewController.swift */,
				48A5EF4F2974DD0E00779443 /* MyPageViewController.swift */,
				48A5EF542974E65100779443 /* StartViewController.swift */,
				48BD658B2976350D0062E2F6 /* NicknameViewController.swift */,
			);
			path = User;
			sourceTree = "<group>";
		};
		F9C48C85296D7DD800C76863 /* Information */ = {
			isa = PBXGroup;
			children = (
				62A2FAB9298582C300CF0DAB /* Model */,
				6202486F29827F6200C26F9C /* infoRecommend */,
				6263F8A429755E9B002B5871 /* InfoSearch */,
				6274C3BA296ED78C00172941 /* InfoViewController.swift */,
				62A334B429746AEA007747E7 /* PlantTableViewCell.swift */,
				62801544297A89A500732E21 /* PlantCollectionViewCell.swift */,
			);
			path = Information;
			sourceTree = "<group>";
		};
		F9F9AD1D299270E100E39A19 /* Network */ = {
			isa = PBXGroup;
			children = (
			);
			path = Network;
			sourceTree = "<group>";
		};
/* End PBXGroup section */

/* Begin PBXNativeTarget section */
		F9C48C6B296D7AD100C76863 /* CommonPlant_iOS */ = {
			isa = PBXNativeTarget;
			buildConfigurationList = F9C48C80296D7AD200C76863 /* Build configuration list for PBXNativeTarget "CommonPlant_iOS" */;
			buildPhases = (
				F9C48C68296D7AD100C76863 /* Sources */,
				F9C48C69296D7AD100C76863 /* Frameworks */,
				F9C48C6A296D7AD100C76863 /* Resources */,
			);
			buildRules = (
			);
			dependencies = (
			);
			name = CommonPlant_iOS;
			packageProductDependencies = (
				489585F9296E438D0035C292 /* KakaoSDK */,
				489585FC296E4C940035C292 /* NaverThirdPartyLogin */,
				489585FF296E4D280035C292 /* GoogleSignIn */,
				48958601296E4D280035C292 /* GoogleSignInSwift */,
				623CBC09298AD30E00401990 /* FSCalendar */,
			);
			productName = CommonPlant_iOS;
			productReference = F9C48C6C296D7AD100C76863 /* CommonPlant_iOS.app */;
			productType = "com.apple.product-type.application";
		};
/* End PBXNativeTarget section */

/* Begin PBXProject section */
		F9C48C64296D7AD100C76863 /* Project object */ = {
			isa = PBXProject;
			attributes = {
				BuildIndependentTargetsInParallel = 1;
				LastSwiftUpdateCheck = 1420;
				LastUpgradeCheck = 1420;
				TargetAttributes = {
					F9C48C6B296D7AD100C76863 = {
						CreatedOnToolsVersion = 14.2;
					};
				};
			};
			buildConfigurationList = F9C48C67296D7AD100C76863 /* Build configuration list for PBXProject "CommonPlant_iOS" */;
			compatibilityVersion = "Xcode 14.0";
			developmentRegion = en;
			hasScannedForEncodings = 0;
			knownRegions = (
				en,
				Base,
			);
			mainGroup = F9C48C63296D7AD100C76863;
			packageReferences = (
				489585F8296E438D0035C292 /* XCRemoteSwiftPackageReference "kakao-ios-sdk" */,
				489585FB296E4C940035C292 /* XCRemoteSwiftPackageReference "naveridlogin-sdk-ios-spm" */,
				489585FE296E4D280035C292 /* XCRemoteSwiftPackageReference "GoogleSignIn-iOS" */,
				623CBC08298AD30E00401990 /* XCRemoteSwiftPackageReference "FSCalendar" */,
			);
			productRefGroup = F9C48C6D296D7AD100C76863 /* Products */;
			projectDirPath = "";
			projectRoot = "";
			targets = (
				F9C48C6B296D7AD100C76863 /* CommonPlant_iOS */,
			);
		};
/* End PBXProject section */

/* Begin PBXResourcesBuildPhase section */
		F9C48C6A296D7AD100C76863 /* Resources */ = {
			isa = PBXResourcesBuildPhase;
			buildActionMask = 2147483647;
			files = (
				F96C9C0A2979A29A008627FA /* AddPlaceCollectionViewCell.xib in Resources */,
				6202486C29827E6600C26F9C /* Info.storyboard in Resources */,
				F9C48C7C296D7AD200C76863 /* LaunchScreen.storyboard in Resources */,
				626D081F2984022D00B1D782 /* UserProfile.storyboard in Resources */,
				62B9B6BD298257AE00500155 /* Login.storyboard in Resources */,
				F96C9C0E2979A2A9008627FA /* AddPlantCollectionViewCell.xib in Resources */,
				F99AC6E92983D30B0009E3DE /* MyGarden.storyboard in Resources */,
				623AF00D2993C454007E1133 /* Memo.storyboard in Resources */,
				F9C48C79296D7AD200C76863 /* Assets.xcassets in Resources */,
				623CBC07298AD21A00401990 /* Calendar.storyboard in Resources */,
				F9C48C77296D7AD100C76863 /* Main.storyboard in Resources */,
			);
			runOnlyForDeploymentPostprocessing = 0;
		};
/* End PBXResourcesBuildPhase section */

/* Begin PBXSourcesBuildPhase section */
		F9C48C68296D7AD100C76863 /* Sources */ = {
			isa = PBXSourcesBuildPhase;
			buildActionMask = 2147483647;
			files = (
				623AF001299243F2007E1133 /* MyApiStatusLogger.swift in Sources */,
				48A5EF4E2974DCBA00779443 /* LoginViewController.swift in Sources */,
				623AF0092992768A007E1133 /* Contraint.swift in Sources */,
				F98C813C298A7BF300682C47 /* MyPlaceTableViewCell.swift in Sources */,
				F96C9C092979A29A008627FA /* AddPlaceCollectionViewCell.swift in Sources */,
				623AEFFD29916310007E1133 /* BaseInterceptor.swift in Sources */,
				6202486E29827F2400C26F9C /* TipCollectionViewCell.swift in Sources */,
				6263F8A629755ECF002B5871 /* InfoSearchViewController.swift in Sources */,
				F98C813E298A7BF300682C47 /* MyPlantCollectionViewCell.swift in Sources */,
				F96C9C0D2979A2A9008627FA /* AddPlantCollectionViewCell.swift in Sources */,
				F98C813D298A7BF300682C47 /* MyPlaceVC.swift in Sources */,
				F98C813F298A7BF300682C47 /* MyPlantVC.swift in Sources */,
				6202487129827F9500C26F9C /* InfoRecoViewController.swift in Sources */,
				F9C48C872972782100C76863 /* MainVC.swift in Sources */,
				628C8B7F2998B27F008BE280 /* MemoTableViewCell.swift in Sources */,
				62A334B529746AEA007747E7 /* PlantTableViewCell.swift in Sources */,
				6263F8A829755EF1002B5871 /* InfoSearchTableViewCell.swift in Sources */,
				F9C48C70296D7AD100C76863 /* AppDelegate.swift in Sources */,
				623AEFFF29924182007E1133 /* MyLogger.swift in Sources */,
				62A2FABE2985837600CF0DAB /* InfoDetailModel.swift in Sources */,
				623AEFEF298ED4C1007E1133 /* InfoSearchModel.swift in Sources */,
				628C8B7D2998B252008BE280 /* MemoViewController.swift in Sources */,
				6202487329827FBB00C26F9C /* InfoRecoTableViewCell.swift in Sources */,
				F96E8CAF298B9A64005E5640 /* AddPlaceVC.swift in Sources */,
				6274C3BB296ED78C00172941 /* InfoViewController.swift in Sources */,
				F9C48C72296D7AD100C76863 /* SceneDelegate.swift in Sources */,
				48A5EF512974DD0E00779443 /* MyPageViewController.swift in Sources */,
				48BD658C2976350D0062E2F6 /* NicknameViewController.swift in Sources */,
				48A5EF552974E65100779443 /* StartViewController.swift in Sources */,
				623AF00B2993B8C5007E1133 /* APIResult.swift in Sources */,
				F96C9C11297A6A80008627FA /* MyGardenModel.swift in Sources */,
				623AEFFB2991625B007E1133 /* MyAlamofireManager.swift in Sources */,
				F96C9C1D297AEE04008627FA /* TabBarController.swift in Sources */,
				62801545297A89A500732E21 /* PlantCollectionViewCell.swift in Sources */,
				623CBC0D298AD38700401990 /* CalendarViewController.swift in Sources */,
				6263F8AB29783AD4002B5871 /* InfoDetailViewController.swift in Sources */,
				F9D2643D2990E45200C3D243 /* PostcodeVC.swift in Sources */,
				62A2FABC2985830D00CF0DAB /* kakaoLogin.swift in Sources */,
			);
			runOnlyForDeploymentPostprocessing = 0;
		};
/* End PBXSourcesBuildPhase section */

/* Begin PBXVariantGroup section */
		48A5EF4C2974DCBA00779443 /* LoginViewController.swift */ = {
			isa = PBXVariantGroup;
			children = (
				48A5EF4D2974DCBA00779443 /* Base */,
			);
			name = LoginViewController.swift;
			sourceTree = "<group>";
		};
		48A5EF4F2974DD0E00779443 /* MyPageViewController.swift */ = {
			isa = PBXVariantGroup;
			children = (
				48A5EF502974DD0E00779443 /* Base */,
			);
			name = MyPageViewController.swift;
			sourceTree = "<group>";
		};
		6202486A29827E6600C26F9C /* Info.storyboard */ = {
			isa = PBXVariantGroup;
			children = (
				6202486B29827E6600C26F9C /* Base */,
			);
			name = Info.storyboard;
			sourceTree = "<group>";
		};
		623CBC05298AD21A00401990 /* Calendar.storyboard */ = {
			isa = PBXVariantGroup;
			children = (
				623CBC06298AD21A00401990 /* Base */,
			);
			name = Calendar.storyboard;
			sourceTree = "<group>";
		};
		626D081D2984022D00B1D782 /* UserProfile.storyboard */ = {
			isa = PBXVariantGroup;
			children = (
				626D081E2984022D00B1D782 /* Base */,
			);
			name = UserProfile.storyboard;
			sourceTree = "<group>";
		};
		62B9B6BB298257AE00500155 /* Login.storyboard */ = {
			isa = PBXVariantGroup;
			children = (
				62B9B6BC298257AE00500155 /* Base */,
			);
			name = Login.storyboard;
			sourceTree = "<group>";
		};
		F9C48C75296D7AD100C76863 /* Main.storyboard */ = {
			isa = PBXVariantGroup;
			children = (
				F9C48C76296D7AD100C76863 /* Base */,
			);
			name = Main.storyboard;
			sourceTree = "<group>";
		};
		F9C48C7A296D7AD200C76863 /* LaunchScreen.storyboard */ = {
			isa = PBXVariantGroup;
			children = (
				F9C48C7B296D7AD200C76863 /* Base */,
			);
			name = LaunchScreen.storyboard;
			sourceTree = "<group>";
		};
/* End PBXVariantGroup section */

/* Begin XCBuildConfiguration section */
		F9C48C7E296D7AD200C76863 /* Debug */ = {
			isa = XCBuildConfiguration;
			buildSettings = {
				ALWAYS_SEARCH_USER_PATHS = NO;
				CLANG_ANALYZER_NONNULL = YES;
				CLANG_ANALYZER_NUMBER_OBJECT_CONVERSION = YES_AGGRESSIVE;
				CLANG_CXX_LANGUAGE_STANDARD = "gnu++20";
				CLANG_ENABLE_MODULES = YES;
				CLANG_ENABLE_OBJC_ARC = YES;
				CLANG_ENABLE_OBJC_WEAK = YES;
				CLANG_WARN_BLOCK_CAPTURE_AUTORELEASING = YES;
				CLANG_WARN_BOOL_CONVERSION = YES;
				CLANG_WARN_COMMA = YES;
				CLANG_WARN_CONSTANT_CONVERSION = YES;
				CLANG_WARN_DEPRECATED_OBJC_IMPLEMENTATIONS = YES;
				CLANG_WARN_DIRECT_OBJC_ISA_USAGE = YES_ERROR;
				CLANG_WARN_DOCUMENTATION_COMMENTS = YES;
				CLANG_WARN_EMPTY_BODY = YES;
				CLANG_WARN_ENUM_CONVERSION = YES;
				CLANG_WARN_INFINITE_RECURSION = YES;
				CLANG_WARN_INT_CONVERSION = YES;
				CLANG_WARN_NON_LITERAL_NULL_CONVERSION = YES;
				CLANG_WARN_OBJC_IMPLICIT_RETAIN_SELF = YES;
				CLANG_WARN_OBJC_LITERAL_CONVERSION = YES;
				CLANG_WARN_OBJC_ROOT_CLASS = YES_ERROR;
				CLANG_WARN_QUOTED_INCLUDE_IN_FRAMEWORK_HEADER = YES;
				CLANG_WARN_RANGE_LOOP_ANALYSIS = YES;
				CLANG_WARN_STRICT_PROTOTYPES = YES;
				CLANG_WARN_SUSPICIOUS_MOVE = YES;
				CLANG_WARN_UNGUARDED_AVAILABILITY = YES_AGGRESSIVE;
				CLANG_WARN_UNREACHABLE_CODE = YES;
				CLANG_WARN__DUPLICATE_METHOD_MATCH = YES;
				COPY_PHASE_STRIP = NO;
				DEBUG_INFORMATION_FORMAT = dwarf;
				ENABLE_STRICT_OBJC_MSGSEND = YES;
				ENABLE_TESTABILITY = YES;
				GCC_C_LANGUAGE_STANDARD = gnu11;
				GCC_DYNAMIC_NO_PIC = NO;
				GCC_NO_COMMON_BLOCKS = YES;
				GCC_OPTIMIZATION_LEVEL = 0;
				GCC_PREPROCESSOR_DEFINITIONS = (
					"DEBUG=1",
					"$(inherited)",
				);
				GCC_WARN_64_TO_32_BIT_CONVERSION = YES;
				GCC_WARN_ABOUT_RETURN_TYPE = YES_ERROR;
				GCC_WARN_UNDECLARED_SELECTOR = YES;
				GCC_WARN_UNINITIALIZED_AUTOS = YES_AGGRESSIVE;
				GCC_WARN_UNUSED_FUNCTION = YES;
				GCC_WARN_UNUSED_VARIABLE = YES;
				IPHONEOS_DEPLOYMENT_TARGET = 16.2;
				MTL_ENABLE_DEBUG_INFO = INCLUDE_SOURCE;
				MTL_FAST_MATH = YES;
				ONLY_ACTIVE_ARCH = YES;
				SDKROOT = iphoneos;
				SWIFT_ACTIVE_COMPILATION_CONDITIONS = DEBUG;
				SWIFT_OPTIMIZATION_LEVEL = "-Onone";
			};
			name = Debug;
		};
		F9C48C7F296D7AD200C76863 /* Release */ = {
			isa = XCBuildConfiguration;
			buildSettings = {
				ALWAYS_SEARCH_USER_PATHS = NO;
				CLANG_ANALYZER_NONNULL = YES;
				CLANG_ANALYZER_NUMBER_OBJECT_CONVERSION = YES_AGGRESSIVE;
				CLANG_CXX_LANGUAGE_STANDARD = "gnu++20";
				CLANG_ENABLE_MODULES = YES;
				CLANG_ENABLE_OBJC_ARC = YES;
				CLANG_ENABLE_OBJC_WEAK = YES;
				CLANG_WARN_BLOCK_CAPTURE_AUTORELEASING = YES;
				CLANG_WARN_BOOL_CONVERSION = YES;
				CLANG_WARN_COMMA = YES;
				CLANG_WARN_CONSTANT_CONVERSION = YES;
				CLANG_WARN_DEPRECATED_OBJC_IMPLEMENTATIONS = YES;
				CLANG_WARN_DIRECT_OBJC_ISA_USAGE = YES_ERROR;
				CLANG_WARN_DOCUMENTATION_COMMENTS = YES;
				CLANG_WARN_EMPTY_BODY = YES;
				CLANG_WARN_ENUM_CONVERSION = YES;
				CLANG_WARN_INFINITE_RECURSION = YES;
				CLANG_WARN_INT_CONVERSION = YES;
				CLANG_WARN_NON_LITERAL_NULL_CONVERSION = YES;
				CLANG_WARN_OBJC_IMPLICIT_RETAIN_SELF = YES;
				CLANG_WARN_OBJC_LITERAL_CONVERSION = YES;
				CLANG_WARN_OBJC_ROOT_CLASS = YES_ERROR;
				CLANG_WARN_QUOTED_INCLUDE_IN_FRAMEWORK_HEADER = YES;
				CLANG_WARN_RANGE_LOOP_ANALYSIS = YES;
				CLANG_WARN_STRICT_PROTOTYPES = YES;
				CLANG_WARN_SUSPICIOUS_MOVE = YES;
				CLANG_WARN_UNGUARDED_AVAILABILITY = YES_AGGRESSIVE;
				CLANG_WARN_UNREACHABLE_CODE = YES;
				CLANG_WARN__DUPLICATE_METHOD_MATCH = YES;
				COPY_PHASE_STRIP = NO;
				DEBUG_INFORMATION_FORMAT = "dwarf-with-dsym";
				ENABLE_NS_ASSERTIONS = NO;
				ENABLE_STRICT_OBJC_MSGSEND = YES;
				GCC_C_LANGUAGE_STANDARD = gnu11;
				GCC_NO_COMMON_BLOCKS = YES;
				GCC_WARN_64_TO_32_BIT_CONVERSION = YES;
				GCC_WARN_ABOUT_RETURN_TYPE = YES_ERROR;
				GCC_WARN_UNDECLARED_SELECTOR = YES;
				GCC_WARN_UNINITIALIZED_AUTOS = YES_AGGRESSIVE;
				GCC_WARN_UNUSED_FUNCTION = YES;
				GCC_WARN_UNUSED_VARIABLE = YES;
				IPHONEOS_DEPLOYMENT_TARGET = 16.2;
				MTL_ENABLE_DEBUG_INFO = NO;
				MTL_FAST_MATH = YES;
				SDKROOT = iphoneos;
				SWIFT_COMPILATION_MODE = wholemodule;
				SWIFT_OPTIMIZATION_LEVEL = "-O";
				VALIDATE_PRODUCT = YES;
			};
			name = Release;
		};
		F9C48C81296D7AD200C76863 /* Debug */ = {
			isa = XCBuildConfiguration;
			buildSettings = {
				ASSETCATALOG_COMPILER_APPICON_NAME = AppIcon;
				ASSETCATALOG_COMPILER_GLOBAL_ACCENT_COLOR_NAME = AccentColor;
				CODE_SIGN_ENTITLEMENTS = CommonPlant_iOS/CommonPlant_iOS.entitlements;
				CODE_SIGN_STYLE = Manual;
				CURRENT_PROJECT_VERSION = 1;
				DEVELOPMENT_TEAM = "";
				GENERATE_INFOPLIST_FILE = YES;
				INFOPLIST_FILE = CommonPlant_iOS/Info.plist;
				INFOPLIST_KEY_UIApplicationSupportsIndirectInputEvents = YES;
				INFOPLIST_KEY_UILaunchStoryboardName = LaunchScreen;
				INFOPLIST_KEY_UIMainStoryboardFile = Main;
				INFOPLIST_KEY_UISupportedInterfaceOrientations_iPad = "UIInterfaceOrientationPortrait UIInterfaceOrientationPortraitUpsideDown UIInterfaceOrientationLandscapeLeft UIInterfaceOrientationLandscapeRight";
				INFOPLIST_KEY_UISupportedInterfaceOrientations_iPhone = "UIInterfaceOrientationPortrait UIInterfaceOrientationLandscapeLeft UIInterfaceOrientationLandscapeRight";
				LD_RUNPATH_SEARCH_PATHS = (
					"$(inherited)",
					"@executable_path/Frameworks",
				);
				MARKETING_VERSION = 1.0;
				PRODUCT_BUNDLE_IDENTIFIER = "com.yaewon.CommonPlant-iOS";
				PRODUCT_NAME = "$(TARGET_NAME)";
				PROVISIONING_PROFILE_SPECIFIER = "";
				SWIFT_EMIT_LOC_STRINGS = YES;
				SWIFT_VERSION = 5.0;
				TARGETED_DEVICE_FAMILY = "1,2";
			};
			name = Debug;
		};
		F9C48C82296D7AD200C76863 /* Release */ = {
			isa = XCBuildConfiguration;
			buildSettings = {
				ASSETCATALOG_COMPILER_APPICON_NAME = AppIcon;
				ASSETCATALOG_COMPILER_GLOBAL_ACCENT_COLOR_NAME = AccentColor;
				CODE_SIGN_ENTITLEMENTS = CommonPlant_iOS/CommonPlant_iOS.entitlements;
				CODE_SIGN_STYLE = Manual;
				CURRENT_PROJECT_VERSION = 1;
				DEVELOPMENT_TEAM = "";
				GENERATE_INFOPLIST_FILE = YES;
				INFOPLIST_FILE = CommonPlant_iOS/Info.plist;
				INFOPLIST_KEY_UIApplicationSupportsIndirectInputEvents = YES;
				INFOPLIST_KEY_UILaunchStoryboardName = LaunchScreen;
				INFOPLIST_KEY_UIMainStoryboardFile = Main;
				INFOPLIST_KEY_UISupportedInterfaceOrientations_iPad = "UIInterfaceOrientationPortrait UIInterfaceOrientationPortraitUpsideDown UIInterfaceOrientationLandscapeLeft UIInterfaceOrientationLandscapeRight";
				INFOPLIST_KEY_UISupportedInterfaceOrientations_iPhone = "UIInterfaceOrientationPortrait UIInterfaceOrientationLandscapeLeft UIInterfaceOrientationLandscapeRight";
				LD_RUNPATH_SEARCH_PATHS = (
					"$(inherited)",
					"@executable_path/Frameworks",
				);
				MARKETING_VERSION = 1.0;
				PRODUCT_BUNDLE_IDENTIFIER = "com.yaewon.CommonPlant-iOS";
				PRODUCT_NAME = "$(TARGET_NAME)";
				PROVISIONING_PROFILE_SPECIFIER = "";
				SWIFT_EMIT_LOC_STRINGS = YES;
				SWIFT_VERSION = 5.0;
				TARGETED_DEVICE_FAMILY = "1,2";
			};
			name = Release;
		};
/* End XCBuildConfiguration section */

/* Begin XCConfigurationList section */
		F9C48C67296D7AD100C76863 /* Build configuration list for PBXProject "CommonPlant_iOS" */ = {
			isa = XCConfigurationList;
			buildConfigurations = (
				F9C48C7E296D7AD200C76863 /* Debug */,
				F9C48C7F296D7AD200C76863 /* Release */,
			);
			defaultConfigurationIsVisible = 0;
			defaultConfigurationName = Release;
		};
		F9C48C80296D7AD200C76863 /* Build configuration list for PBXNativeTarget "CommonPlant_iOS" */ = {
			isa = XCConfigurationList;
			buildConfigurations = (
				F9C48C81296D7AD200C76863 /* Debug */,
				F9C48C82296D7AD200C76863 /* Release */,
			);
			defaultConfigurationIsVisible = 0;
			defaultConfigurationName = Release;
		};
/* End XCConfigurationList section */

/* Begin XCRemoteSwiftPackageReference section */
		489585F8296E438D0035C292 /* XCRemoteSwiftPackageReference "kakao-ios-sdk" */ = {
			isa = XCRemoteSwiftPackageReference;
			repositoryURL = "https://github.com/kakao/kakao-ios-sdk";
			requirement = {
				kind = upToNextMajorVersion;
				minimumVersion = 2.0.0;
			};
		};
		489585FB296E4C940035C292 /* XCRemoteSwiftPackageReference "naveridlogin-sdk-ios-spm" */ = {
			isa = XCRemoteSwiftPackageReference;
			repositoryURL = "https://github.com/jaemyeong/naveridlogin-sdk-ios-spm.git";
			requirement = {
				kind = upToNextMajorVersion;
				minimumVersion = 4.0.0;
			};
		};
		489585FE296E4D280035C292 /* XCRemoteSwiftPackageReference "GoogleSignIn-iOS" */ = {
			isa = XCRemoteSwiftPackageReference;
			repositoryURL = "https://github.com/google/GoogleSignIn-iOS";
			requirement = {
				kind = upToNextMajorVersion;
				minimumVersion = 7.0.0;
			};
		};
		623CBC08298AD30E00401990 /* XCRemoteSwiftPackageReference "FSCalendar" */ = {
			isa = XCRemoteSwiftPackageReference;
			repositoryURL = "https://github.com/WenchaoD/FSCalendar";
			requirement = {
				kind = upToNextMajorVersion;
				minimumVersion = 2.0.0;
			};
		};
/* End XCRemoteSwiftPackageReference section */

/* Begin XCSwiftPackageProductDependency section */
		489585F9296E438D0035C292 /* KakaoSDK */ = {
			isa = XCSwiftPackageProductDependency;
			package = 489585F8296E438D0035C292 /* XCRemoteSwiftPackageReference "kakao-ios-sdk" */;
			productName = KakaoSDK;
		};
		489585FC296E4C940035C292 /* NaverThirdPartyLogin */ = {
			isa = XCSwiftPackageProductDependency;
			package = 489585FB296E4C940035C292 /* XCRemoteSwiftPackageReference "naveridlogin-sdk-ios-spm" */;
			productName = NaverThirdPartyLogin;
		};
		489585FF296E4D280035C292 /* GoogleSignIn */ = {
			isa = XCSwiftPackageProductDependency;
			package = 489585FE296E4D280035C292 /* XCRemoteSwiftPackageReference "GoogleSignIn-iOS" */;
			productName = GoogleSignIn;
		};
		48958601296E4D280035C292 /* GoogleSignInSwift */ = {
			isa = XCSwiftPackageProductDependency;
			package = 489585FE296E4D280035C292 /* XCRemoteSwiftPackageReference "GoogleSignIn-iOS" */;
			productName = GoogleSignInSwift;
		};
		623CBC09298AD30E00401990 /* FSCalendar */ = {
			isa = XCSwiftPackageProductDependency;
			package = 623CBC08298AD30E00401990 /* XCRemoteSwiftPackageReference "FSCalendar" */;
			productName = FSCalendar;
		};
/* End XCSwiftPackageProductDependency section */
	};
	rootObject = F9C48C64296D7AD100C76863 /* Project object */;
}
